{
  "pins" : [
    {
      "identity" : "grdb.swift",
      "kind" : "remoteSourceControl",
      "location" : "https://github.com/groue/GRDB.swift.git",
      "state" : {
        "revision" : "7b63ddf54232db97943759e2b022cf61c5d9e745",
        "version" : "6.5.0"
      }
    }
  ],
  "version" : 2
}
